
Microsoft Visual Studio Solution File, Format Version 12.00
# Visual Studio 14
VisualStudioVersion = 14.0.25123.0
MinimumVisualStudioVersion = 10.0.40219.1
Project("{FAE04EC0-301F-11D3-BF4B-00C04F79EFBC}") = "WebApplication", "WebApplication\WebApplication.csproj", "{776E75D9-B092-428A-91B1-517984086010}"
EndProject
Project("{FAE04EC0-301F-11D3-BF4B-00C04F79EFBC}") = "WebApplication.Test", "WebApplication.Test\WebApplication.Test.csproj", "{C3857313-4783-49AF-B672-6D3239CFFF9B}"
EndProject
Global
	GlobalSection(SolutionConfigurationPlatforms) = preSolution
		Debug|Any CPU = Debug|Any CPU
		Release|Any CPU = Release|Any CPU
	EndGlobalSection
	GlobalSection(ProjectConfigurationPlatforms) = postSolution
		{776E75D9-B092-428A-91B1-517984086010}.Debug|Any CPU.ActiveCfg = Debug|Any CPU
		{776E75D9-B092-428A-91B1-517984086010}.Debug|Any CPU.Build.0 = Debug|Any CPU
		{776E75D9-B092-428A-91B1-517984086010}.Release|Any CPU.ActiveCfg = Release|Any CPU
		{776E75D9-B092-428A-91B1-517984086010}.Release|Any CPU.Build.0 = Release|Any CPU
		{C3857313-4783-49AF-B672-6D3239CFFF9B}.Debug|Any CPU.ActiveCfg = Debug|Any CPU
		{C3857313-4783-49AF-B672-6D3239CFFF9B}.Debug|Any CPU.Build.0 = Debug|Any CPU
		{C3857313-4783-49AF-B672-6D3239CFFF9B}.Release|Any CPU.ActiveCfg = Release|Any CPU
		{C3857313-4783-49AF-B672-6D3239CFFF9B}.Release|Any CPU.Build.0 = Release|Any CPU
	EndGlobalSection
	GlobalSection(SolutionProperties) = preSolution
		HideSolutionNode = FALSE
	EndGlobalSection
EndGlobal
